{
  "name": "data-types",
  "version": "0.0.1",
  "lockfileVersion": 3,
  "requires": true,
  "packages": {
    "": {
      "name": "data-types",
      "version": "0.0.1",
      "license": "MIT",
      "devDependencies": {
        "@types/node": "^22.8.6",
        "prettier": "^3.2.5",
        "typescript": "^5.4.5"
      }
    },
    "node_modules/@types/node": {
      "version": "22.8.6",
      "resolved": "https://pkgs.dev.azure.com/VolvoGroup-MASDCL/VCEBusInfoServLayer/_packaging/VCE-MS-PoC/npm/registry/@types/node/-/node-22.8.6.tgz",
      "integrity": "sha1-6KDAhxYjKD2LPvfXubG/39MCjiI=",
      "dev": true,
      "license": "MIT",
      "dependencies": {
        "undici-types": "~6.19.8"
      }
    },
    "node_modules/prettier": {
      "version": "3.2.5",
      "resolved": "https://pkgs.dev.azure.com/VolvoGroup-MASDCL/VCEBusInfoServLayer/_packaging/VCE-MS-PoC/npm/registry/prettier/-/prettier-3.2.5.tgz",
      "integrity": "sha1-5SvDCQWG6CSWSogTsJq6YjOyg2g=",
      "dev": true,
      "license": "MIT",
      "bin": {
        "prettier": "bin/prettier.cjs"
      },
      "engines": {
        "node": ">=14"
      },
      "funding": {
        "url": "https://github.com/prettier/prettier?sponsor=1"
      }
    },
    "node_modules/typescript": {
      "version": "5.4.5",
      "resolved": "https://pkgs.dev.azure.com/VolvoGroup-MASDCL/VCEBusInfoServLayer/_packaging/VCE-MS-PoC/npm/registry/typescript/-/typescript-5.4.5.tgz",
      "integrity": "sha1-QszvLFcf29D2cYsdH15uXvAG9hE=",
      "dev": true,
      "license": "Apache-2.0",
      "bin": {
        "tsc": "bin/tsc",
        "tsserver": "bin/tsserver"
      },
      "engines": {
        "node": ">=14.17"
      }
    },
    "node_modules/undici-types": {
      "version": "6.19.8",
      "resolved": "https://pkgs.dev.azure.com/VolvoGroup-MASDCL/VCEBusInfoServLayer/_packaging/VCE-MS-PoC/npm/registry/undici-types/-/undici-types-6.19.8.tgz",
      "integrity": "sha1-NREcnRQ3q4OnzcCrri8m2I7aCgI=",
      "dev": true,
      "license": "MIT"
    }
  }
}
