{
  "name": "data-types",
  "version": "0.0.1",
  "lockfileVersion": 3,
  "requires": true,
  "packages": {
    "": {
      "name": "data-types",
      "version": "0.0.1",
      "license": "MIT",
      "devDependencies": {
        "@types/node": "^20.12.13",
        "prettier": "^3.2.5",
        "typescript": "^5.4.5"
      }
    },
    "node_modules/@types/node": {
      "version": "20.12.13",
      "resolved": "https://registry.npmjs.org/@types/node/-/node-20.12.13.tgz",
      "integrity": "sha512-gBGeanV41c1L171rR7wjbMiEpEI/l5XFQdLLfhr/REwpgDy/4U8y89+i8kRiLzDyZdOkXh+cRaTetUnCYutoXA==",
      "dev": true,
      "dependencies": {
        "undici-types": "~5.26.4"
      }
    },
    "node_modules/prettier": {
      "version": "3.2.5",
      "resolved": "https://registry.npmjs.org/prettier/-/prettier-3.2.5.tgz",
      "integrity": "sha512-3/GWa9aOC0YeD7LUfvOG2NiDyhOWRvt1k+rcKhOuYnMY24iiCphgneUfJDyFXd6rZCAnuLBv6UeAULtrhT/F4A==",
      "dev": true,
      "bin": {
        "prettier": "bin/prettier.cjs"
      },
      "engines": {
        "node": ">=14"
      },
      "funding": {
        "url": "https://github.com/prettier/prettier?sponsor=1"
      }
    },
    "node_modules/typescript": {
      "version": "5.4.5",
      "resolved": "https://pkgs.dev.azure.com/VolvoGroup-MASDCL/VCEBusInfoServLayer/_packaging/VCE-MS-PoC/npm/registry/typescript/-/typescript-5.4.5.tgz",
      "integrity": "sha1-QszvLFcf29D2cYsdH15uXvAG9hE=",
      "dev": true,
      "bin": {
        "tsc": "bin/tsc",
        "tsserver": "bin/tsserver"
      },
      "engines": {
        "node": ">=14.17"
      }
    },
    "node_modules/undici-types": {
      "version": "5.26.5",
      "resolved": "https://pkgs.dev.azure.com/VolvoGroup-MASDCL/VCEBusInfoServLayer/_packaging/VCE-MS-PoC/npm/registry/undici-types/-/undici-types-5.26.5.tgz",
      "integrity": "sha1-vNU5iT0AtW6WT9JlekhmsiGmVhc=",
      "dev": true
    }
  }
}
